// !$*UTF8*$!
{
	archiveVersion = 1;
	classes = {
	};
	objectVersion = 46;
	objects = {

/* Begin PBXBuildFile section */
		006D720419952D00008149E2 /* AVFoundation.framework in Frameworks */ = {isa = PBXBuildFile; fileRef = 006D720219952D00008149E2 /* AVFoundation.framework */; };
		006D720519952D00008149E2 /* CoreMedia.framework in Frameworks */ = {isa = PBXBuildFile; fileRef = 006D720319952D00008149E2 /* CoreMedia.framework */; };
		0091D8F90E81B9330029341E /* OpenGL.framework in Frameworks */ = {isa = PBXBuildFile; fileRef = 0091D8F80E81B9330029341E /* OpenGL.framework */; };
		00B784B30FF439BC000DE1D7 /* Accelerate.framework in Frameworks */ = {isa = PBXBuildFile; fileRef = 00B784AF0FF439BC000DE1D7 /* Accelerate.framework */; };
		00B784B40FF439BC000DE1D7 /* AudioToolbox.framework in Frameworks */ = {isa = PBXBuildFile; fileRef = 00B784B00FF439BC000DE1D7 /* AudioToolbox.framework */; };
		00B784B50FF439BC000DE1D7 /* AudioUnit.framework in Frameworks */ = {isa = PBXBuildFile; fileRef = 00B784B10FF439BC000DE1D7 /* AudioUnit.framework */; };
		00B784B60FF439BC000DE1D7 /* CoreAudio.framework in Frameworks */ = {isa = PBXBuildFile; fileRef = 00B784B20FF439BC000DE1D7 /* CoreAudio.framework */; };
		00B9955A1B128DF400A5C623 /* IOKit.framework in Frameworks */ = {isa = PBXBuildFile; fileRef = 00B995581B128DF400A5C623 /* IOKit.framework */; };
		00B9955B1B128DF400A5C623 /* IOSurface.framework in Frameworks */ = {isa = PBXBuildFile; fileRef = 00B995591B128DF400A5C623 /* IOSurface.framework */; };
		448B46E61C3EF0E200272354 /* imgui_demo.cpp in Sources */ = {isa = PBXBuildFile; fileRef = 448B46E31C3EF0E200272354 /* imgui_demo.cpp */; };
		448B46E71C3EF0E200272354 /* imgui_draw.cpp in Sources */ = {isa = PBXBuildFile; fileRef = 448B46E41C3EF0E200272354 /* imgui_draw.cpp */; };
		448B46E81C3EF0E200272354 /* imgui.cpp in Sources */ = {isa = PBXBuildFile; fileRef = 448B46E51C3EF0E200272354 /* imgui.cpp */; };
		448B46EA1C3EF0FD00272354 /* CinderImGui.cpp in Sources */ = {isa = PBXBuildFile; fileRef = 448B46E91C3EF0FD00272354 /* CinderImGui.cpp */; };
		448C8BAD1C3ED573009AD29C /* assets in Resources */ = {isa = PBXBuildFile; fileRef = 448C8BAC1C3ED573009AD29C /* assets */; };
		448C8BB01C3ED6EF009AD29C /* Skeleton.cpp in Sources */ = {isa = PBXBuildFile; fileRef = 448C8BAE1C3ED6EF009AD29C /* Skeleton.cpp */; };
		448C8BB61C3ED8D2009AD29C /* CCL_MocapData.cpp in Sources */ = {isa = PBXBuildFile; fileRef = 448C8BB21C3ED8D2009AD29C /* CCL_MocapData.cpp */; };
		448C8BB71C3ED8D2009AD29C /* CCL_MocapJoint.cpp in Sources */ = {isa = PBXBuildFile; fileRef = 448C8BB31C3ED8D2009AD29C /* CCL_MocapJoint.cpp */; };
		448C8BB81C3ED8D2009AD29C /* Joint.cpp in Sources */ = {isa = PBXBuildFile; fileRef = 448C8BB41C3ED8D2009AD29C /* Joint.cpp */; };
		448C8BBF1C3ED90E009AD29C /* Jzon.cpp in Sources */ = {isa = PBXBuildFile; fileRef = 448C8BBE1C3ED90E009AD29C /* Jzon.cpp */; };
		448C8BC71C3ED962009AD29C /* Bone.cpp in Sources */ = {isa = PBXBuildFile; fileRef = 448C8BC41C3ED962009AD29C /* Bone.cpp */; };
		448C8BC81C3ED962009AD29C /* RibbonFunctions.cpp in Sources */ = {isa = PBXBuildFile; fileRef = 448C8BC51C3ED962009AD29C /* RibbonFunctions.cpp */; };
		448C8BC91C3ED962009AD29C /* Trail.cpp in Sources */ = {isa = PBXBuildFile; fileRef = 448C8BC61C3ED962009AD29C /* Trail.cpp */; };
		5323E6B20EAFCA74003A9687 /* CoreVideo.framework in Frameworks */ = {isa = PBXBuildFile; fileRef = 5323E6B10EAFCA74003A9687 /* CoreVideo.framework */; };
		5835C3216B33401E8875EA04 /* CinderApp.icns in Resources */ = {isa = PBXBuildFile; fileRef = 55AA1B49BE084FFBADB3934A /* CinderApp.icns */; };
		8D11072F0486CEB800E47090 /* Cocoa.framework in Frameworks */ = {isa = PBXBuildFile; fileRef = 1058C7A1FEA54F0111CA2CBB /* Cocoa.framework */; };
		DA352A68C6514146867B38FD /* Choreo3DApp.cpp in Sources */ = {isa = PBXBuildFile; fileRef = E63C89DE5314485581BAEB8D /* Choreo3DApp.cpp */; };
/* End PBXBuildFile section */

/* Begin PBXFileReference section */
		006D720219952D00008149E2 /* AVFoundation.framework */ = {isa = PBXFileReference; lastKnownFileType = wrapper.framework; name = AVFoundation.framework; path = System/Library/Frameworks/AVFoundation.framework; sourceTree = SDKROOT; };
		006D720319952D00008149E2 /* CoreMedia.framework */ = {isa = PBXFileReference; lastKnownFileType = wrapper.framework; name = CoreMedia.framework; path = System/Library/Frameworks/CoreMedia.framework; sourceTree = SDKROOT; };
		0091D8F80E81B9330029341E /* OpenGL.framework */ = {isa = PBXFileReference; lastKnownFileType = wrapper.framework; name = OpenGL.framework; path = /System/Library/Frameworks/OpenGL.framework; sourceTree = "<absolute>"; };
		00B784AF0FF439BC000DE1D7 /* Accelerate.framework */ = {isa = PBXFileReference; lastKnownFileType = wrapper.framework; name = Accelerate.framework; path = System/Library/Frameworks/Accelerate.framework; sourceTree = SDKROOT; };
		00B784B00FF439BC000DE1D7 /* AudioToolbox.framework */ = {isa = PBXFileReference; lastKnownFileType = wrapper.framework; name = AudioToolbox.framework; path = System/Library/Frameworks/AudioToolbox.framework; sourceTree = SDKROOT; };
		00B784B10FF439BC000DE1D7 /* AudioUnit.framework */ = {isa = PBXFileReference; lastKnownFileType = wrapper.framework; name = AudioUnit.framework; path = System/Library/Frameworks/AudioUnit.framework; sourceTree = SDKROOT; };
		00B784B20FF439BC000DE1D7 /* CoreAudio.framework */ = {isa = PBXFileReference; lastKnownFileType = wrapper.framework; name = CoreAudio.framework; path = System/Library/Frameworks/CoreAudio.framework; sourceTree = SDKROOT; };
		00B995581B128DF400A5C623 /* IOKit.framework */ = {isa = PBXFileReference; lastKnownFileType = wrapper.framework; name = IOKit.framework; path = System/Library/Frameworks/IOKit.framework; sourceTree = SDKROOT; };
		00B995591B128DF400A5C623 /* IOSurface.framework */ = {isa = PBXFileReference; lastKnownFileType = wrapper.framework; name = IOSurface.framework; path = System/Library/Frameworks/IOSurface.framework; sourceTree = SDKROOT; };
		1023B41A657B4382997BF284 /* Resources.h */ = {isa = PBXFileReference; lastKnownFileType = sourcecode.c.h; name = Resources.h; path = ../include/Resources.h; sourceTree = "<group>"; };
		1058C7A1FEA54F0111CA2CBB /* Cocoa.framework */ = {isa = PBXFileReference; lastKnownFileType = wrapper.framework; name = Cocoa.framework; path = /System/Library/Frameworks/Cocoa.framework; sourceTree = "<absolute>"; };
		29B97324FDCFA39411CA2CEA /* AppKit.framework */ = {isa = PBXFileReference; lastKnownFileType = wrapper.framework; name = AppKit.framework; path = /System/Library/Frameworks/AppKit.framework; sourceTree = "<absolute>"; };
		29B97325FDCFA39411CA2CEA /* Foundation.framework */ = {isa = PBXFileReference; lastKnownFileType = wrapper.framework; name = Foundation.framework; path = /System/Library/Frameworks/Foundation.framework; sourceTree = "<absolute>"; };
		448B46E31C3EF0E200272354 /* imgui_demo.cpp */ = {isa = PBXFileReference; lastKnownFileType = sourcecode.cpp.cpp; path = imgui_demo.cpp; sourceTree = "<group>"; };
		448B46E41C3EF0E200272354 /* imgui_draw.cpp */ = {isa = PBXFileReference; lastKnownFileType = sourcecode.cpp.cpp; path = imgui_draw.cpp; sourceTree = "<group>"; };
		448B46E51C3EF0E200272354 /* imgui.cpp */ = {isa = PBXFileReference; lastKnownFileType = sourcecode.cpp.cpp; path = imgui.cpp; sourceTree = "<group>"; };
		448B46E91C3EF0FD00272354 /* CinderImGui.cpp */ = {isa = PBXFileReference; lastKnownFileType = sourcecode.cpp.cpp; path = CinderImGui.cpp; sourceTree = "<group>"; };
		448C8BAC1C3ED573009AD29C /* assets */ = {isa = PBXFileReference; lastKnownFileType = folder; path = assets; sourceTree = "<group>"; };
		448C8BAE1C3ED6EF009AD29C /* Skeleton.cpp */ = {isa = PBXFileReference; fileEncoding = 4; lastKnownFileType = sourcecode.cpp.cpp; path = Skeleton.cpp; sourceTree = "<group>"; };
		448C8BAF1C3ED6EF009AD29C /* Skeleton.h */ = {isa = PBXFileReference; fileEncoding = 4; lastKnownFileType = sourcecode.c.h; path = Skeleton.h; sourceTree = "<group>"; };
		448C8BB21C3ED8D2009AD29C /* CCL_MocapData.cpp */ = {isa = PBXFileReference; fileEncoding = 4; lastKnownFileType = sourcecode.cpp.cpp; path = CCL_MocapData.cpp; sourceTree = "<group>"; };
		448C8BB31C3ED8D2009AD29C /* CCL_MocapJoint.cpp */ = {isa = PBXFileReference; fileEncoding = 4; lastKnownFileType = sourcecode.cpp.cpp; path = CCL_MocapJoint.cpp; sourceTree = "<group>"; };
		448C8BB41C3ED8D2009AD29C /* Joint.cpp */ = {isa = PBXFileReference; fileEncoding = 4; lastKnownFileType = sourcecode.cpp.cpp; path = Joint.cpp; sourceTree = "<group>"; };
		448C8BBB1C3ED901009AD29C /* CCL_MocapData.h */ = {isa = PBXFileReference; fileEncoding = 4; lastKnownFileType = sourcecode.c.h; path = CCL_MocapData.h; sourceTree = "<group>"; };
		448C8BBC1C3ED901009AD29C /* CCL_MocapJoint.h */ = {isa = PBXFileReference; fileEncoding = 4; lastKnownFileType = sourcecode.c.h; path = CCL_MocapJoint.h; sourceTree = "<group>"; };
		448C8BBD1C3ED901009AD29C /* Jzon.h */ = {isa = PBXFileReference; fileEncoding = 4; lastKnownFileType = sourcecode.c.h; path = Jzon.h; sourceTree = "<group>"; };
		448C8BBE1C3ED90E009AD29C /* Jzon.cpp */ = {isa = PBXFileReference; fileEncoding = 4; lastKnownFileType = sourcecode.cpp.cpp; path = Jzon.cpp; sourceTree = "<group>"; };
		448C8BC01C3ED91E009AD29C /* Bone.h */ = {isa = PBXFileReference; fileEncoding = 4; lastKnownFileType = sourcecode.c.h; path = Bone.h; sourceTree = "<group>"; };
		448C8BC11C3ED91E009AD29C /* Joint.h */ = {isa = PBXFileReference; fileEncoding = 4; lastKnownFileType = sourcecode.c.h; path = Joint.h; sourceTree = "<group>"; };
		448C8BC21C3ED91E009AD29C /* RibbonFunctions.h */ = {isa = PBXFileReference; fileEncoding = 4; lastKnownFileType = sourcecode.c.h; path = RibbonFunctions.h; sourceTree = "<group>"; };
		448C8BC31C3ED91E009AD29C /* Trail.h */ = {isa = PBXFileReference; fileEncoding = 4; lastKnownFileType = sourcecode.c.h; path = Trail.h; sourceTree = "<group>"; };
		448C8BC41C3ED962009AD29C /* Bone.cpp */ = {isa = PBXFileReference; fileEncoding = 4; lastKnownFileType = sourcecode.cpp.cpp; path = Bone.cpp; sourceTree = "<group>"; };
		448C8BC51C3ED962009AD29C /* RibbonFunctions.cpp */ = {isa = PBXFileReference; fileEncoding = 4; lastKnownFileType = sourcecode.cpp.cpp; path = RibbonFunctions.cpp; sourceTree = "<group>"; };
		448C8BC61C3ED962009AD29C /* Trail.cpp */ = {isa = PBXFileReference; fileEncoding = 4; lastKnownFileType = sourcecode.cpp.cpp; path = Trail.cpp; sourceTree = "<group>"; };
		5323E6B10EAFCA74003A9687 /* CoreVideo.framework */ = {isa = PBXFileReference; lastKnownFileType = wrapper.framework; name = CoreVideo.framework; path = /System/Library/Frameworks/CoreVideo.framework; sourceTree = "<absolute>"; };
		55AA1B49BE084FFBADB3934A /* CinderApp.icns */ = {isa = PBXFileReference; lastKnownFileType = image.icns; name = CinderApp.icns; path = ../resources/CinderApp.icns; sourceTree = "<group>"; };
		8D1107320486CEB800E47090 /* Choreo3D.app */ = {isa = PBXFileReference; explicitFileType = wrapper.application; includeInIndex = 0; path = Choreo3D.app; sourceTree = BUILT_PRODUCTS_DIR; };
		D8EABBEDF2364F0799444C44 /* Info.plist */ = {isa = PBXFileReference; lastKnownFileType = text.plist.xml; path = Info.plist; sourceTree = "<group>"; };
		E63C89DE5314485581BAEB8D /* Choreo3DApp.cpp */ = {isa = PBXFileReference; lastKnownFileType = sourcecode.c.cpp; name = Choreo3DApp.cpp; path = ../src/Choreo3DApp.cpp; sourceTree = "<group>"; };
		F576D7C678774CEFA64B4293 /* Choreo3D_Prefix.pch */ = {isa = PBXFileReference; lastKnownFileType = "\"\""; path = Choreo3D_Prefix.pch; sourceTree = "<group>"; };
/* End PBXFileReference section */

/* Begin PBXFrameworksBuildPhase section */
		8D11072E0486CEB800E47090 /* Frameworks */ = {
			isa = PBXFrameworksBuildPhase;
			buildActionMask = 2147483647;
			files = (
				006D720419952D00008149E2 /* AVFoundation.framework in Frameworks */,
				006D720519952D00008149E2 /* CoreMedia.framework in Frameworks */,
				8D11072F0486CEB800E47090 /* Cocoa.framework in Frameworks */,
				0091D8F90E81B9330029341E /* OpenGL.framework in Frameworks */,
				5323E6B20EAFCA74003A9687 /* CoreVideo.framework in Frameworks */,
				00B784B30FF439BC000DE1D7 /* Accelerate.framework in Frameworks */,
				00B784B40FF439BC000DE1D7 /* AudioToolbox.framework in Frameworks */,
				00B784B50FF439BC000DE1D7 /* AudioUnit.framework in Frameworks */,
				00B784B60FF439BC000DE1D7 /* CoreAudio.framework in Frameworks */,
				00B9955A1B128DF400A5C623 /* IOKit.framework in Frameworks */,
				00B9955B1B128DF400A5C623 /* IOSurface.framework in Frameworks */,
			);
			runOnlyForDeploymentPostprocessing = 0;
		};
/* End PBXFrameworksBuildPhase section */

/* Begin PBXGroup section */
		01B97315FEAEA392516A2CEA /* Blocks */ = {
			isa = PBXGroup;
			children = (
			);
			name = Blocks;
			sourceTree = "<group>";
		};
		080E96DDFE201D6D7F000001 /* Source */ = {
			isa = PBXGroup;
			children = (
				E63C89DE5314485581BAEB8D /* Choreo3DApp.cpp */,
				448C8BCB1C3ED978009AD29C /* Visuals */,
				448C8BCA1C3ED96A009AD29C /* Skeleton */,
				448C8BB11C3ED8B6009AD29C /* DataHandlers */,
			);
			name = Source;
			sourceTree = "<group>";
		};
		1058C7A0FEA54F0111CA2CBB /* Linked Frameworks */ = {
			isa = PBXGroup;
			children = (
				006D720219952D00008149E2 /* AVFoundation.framework */,
				006D720319952D00008149E2 /* CoreMedia.framework */,
				00B784AF0FF439BC000DE1D7 /* Accelerate.framework */,
				00B784B00FF439BC000DE1D7 /* AudioToolbox.framework */,
				00B784B10FF439BC000DE1D7 /* AudioUnit.framework */,
				00B784B20FF439BC000DE1D7 /* CoreAudio.framework */,
				5323E6B10EAFCA74003A9687 /* CoreVideo.framework */,
				0091D8F80E81B9330029341E /* OpenGL.framework */,
				1058C7A1FEA54F0111CA2CBB /* Cocoa.framework */,
				00B995581B128DF400A5C623 /* IOKit.framework */,
				00B995591B128DF400A5C623 /* IOSurface.framework */,
			);
			name = "Linked Frameworks";
			sourceTree = "<group>";
		};
		1058C7A2FEA54F0111CA2CBB /* Other Frameworks */ = {
			isa = PBXGroup;
			children = (
				29B97324FDCFA39411CA2CEA /* AppKit.framework */,
				29B97325FDCFA39411CA2CEA /* Foundation.framework */,
			);
			name = "Other Frameworks";
			sourceTree = "<group>";
		};
		19C28FACFE9D520D11CA2CBB /* Products */ = {
			isa = PBXGroup;
			children = (
				8D1107320486CEB800E47090 /* Choreo3D.app */,
			);
			name = Products;
			sourceTree = "<group>";
		};
		29B97314FDCFA39411CA2CEA /* Choreo3D */ = {
			isa = PBXGroup;
			children = (
				448C8BAC1C3ED573009AD29C /* assets */,
				01B97315FEAEA392516A2CEA /* Blocks */,
				29B97315FDCFA39411CA2CEA /* Headers */,
				080E96DDFE201D6D7F000001 /* Source */,
				29B97317FDCFA39411CA2CEA /* Resources */,
				29B97323FDCFA39411CA2CEA /* Frameworks */,
				19C28FACFE9D520D11CA2CBB /* Products */,
			);
			name = Choreo3D;
			sourceTree = "<group>";
		};
		29B97315FDCFA39411CA2CEA /* Headers */ = {
			isa = PBXGroup;
			children = (
				1023B41A657B4382997BF284 /* Resources.h */,
				F576D7C678774CEFA64B4293 /* Choreo3D_Prefix.pch */,
				448C8BCD1C3ED99B009AD29C /* Visuals */,
				448C8BCC1C3ED98F009AD29C /* Skeleton */,
				448C8BBA1C3ED8DA009AD29C /* DataHandlers */,
			);
			name = Headers;
			sourceTree = "<group>";
		};
		29B97317FDCFA39411CA2CEA /* Resources */ = {
			isa = PBXGroup;
			children = (
				448B46EB1C3EF17900272354 /* Include */,
				55AA1B49BE084FFBADB3934A /* CinderApp.icns */,
				D8EABBEDF2364F0799444C44 /* Info.plist */,
			);
			name = Resources;
			sourceTree = "<group>";
		};
		29B97323FDCFA39411CA2CEA /* Frameworks */ = {
			isa = PBXGroup;
			children = (
				1058C7A0FEA54F0111CA2CBB /* Linked Frameworks */,
				1058C7A2FEA54F0111CA2CBB /* Other Frameworks */,
			);
			name = Frameworks;
			sourceTree = "<group>";
		};
		448B46EB1C3EF17900272354 /* Include */ = {
			isa = PBXGroup;
			children = (
				448B46E91C3EF0FD00272354 /* CinderImGui.cpp */,
				448B46E31C3EF0E200272354 /* imgui_demo.cpp */,
				448B46E41C3EF0E200272354 /* imgui_draw.cpp */,
				448B46E51C3EF0E200272354 /* imgui.cpp */,
			);
			name = Include;
			sourceTree = "<group>";
		};
		448C8BB11C3ED8B6009AD29C /* DataHandlers */ = {
			isa = PBXGroup;
			children = (
				448C8BBE1C3ED90E009AD29C /* Jzon.cpp */,
				448C8BB21C3ED8D2009AD29C /* CCL_MocapData.cpp */,
				448C8BB31C3ED8D2009AD29C /* CCL_MocapJoint.cpp */,
			);
			name = DataHandlers;
			sourceTree = "<group>";
		};
		448C8BBA1C3ED8DA009AD29C /* DataHandlers */ = {
			isa = PBXGroup;
			children = (
				448C8BBD1C3ED901009AD29C /* Jzon.h */,
				448C8BBB1C3ED901009AD29C /* CCL_MocapData.h */,
				448C8BBC1C3ED901009AD29C /* CCL_MocapJoint.h */,
			);
			name = DataHandlers;
			sourceTree = "<group>";
		};
		448C8BCA1C3ED96A009AD29C /* Skeleton */ = {
			isa = PBXGroup;
			children = (
				448C8BC41C3ED962009AD29C /* Bone.cpp */,
				448C8BAE1C3ED6EF009AD29C /* Skeleton.cpp */,
				448C8BB41C3ED8D2009AD29C /* Joint.cpp */,
			);
			name = Skeleton;
			sourceTree = "<group>";
		};
		448C8BCB1C3ED978009AD29C /* Visuals */ = {
			isa = PBXGroup;
			children = (
				448C8BC51C3ED962009AD29C /* RibbonFunctions.cpp */,
				448C8BC61C3ED962009AD29C /* Trail.cpp */,
			);
			name = Visuals;
			sourceTree = "<group>";
		};
		448C8BCC1C3ED98F009AD29C /* Skeleton */ = {
			isa = PBXGroup;
			children = (
				448C8BC01C3ED91E009AD29C /* Bone.h */,
				448C8BC11C3ED91E009AD29C /* Joint.h */,
				448C8BAF1C3ED6EF009AD29C /* Skeleton.h */,
			);
			name = Skeleton;
			sourceTree = "<group>";
		};
		448C8BCD1C3ED99B009AD29C /* Visuals */ = {
			isa = PBXGroup;
			children = (
				448C8BC21C3ED91E009AD29C /* RibbonFunctions.h */,
				448C8BC31C3ED91E009AD29C /* Trail.h */,
			);
			name = Visuals;
			sourceTree = "<group>";
		};
/* End PBXGroup section */

/* Begin PBXNativeTarget section */
		8D1107260486CEB800E47090 /* Choreo3D */ = {
			isa = PBXNativeTarget;
			buildConfigurationList = C01FCF4A08A954540054247B /* Build configuration list for PBXNativeTarget "Choreo3D" */;
			buildPhases = (
				8D1107290486CEB800E47090 /* Resources */,
				8D11072C0486CEB800E47090 /* Sources */,
				8D11072E0486CEB800E47090 /* Frameworks */,
			);
			buildRules = (
			);
			dependencies = (
			);
			name = Choreo3D;
			productInstallPath = "$(HOME)/Applications";
			productName = Choreo3D;
			productReference = 8D1107320486CEB800E47090 /* Choreo3D.app */;
			productType = "com.apple.product-type.application";
		};
/* End PBXNativeTarget section */

/* Begin PBXProject section */
		29B97313FDCFA39411CA2CEA /* Project object */ = {
			isa = PBXProject;
			attributes = {
			};
			buildConfigurationList = C01FCF4E08A954540054247B /* Build configuration list for PBXProject "Choreo3D" */;
			compatibilityVersion = "Xcode 3.2";
			developmentRegion = English;
			hasScannedForEncodings = 1;
			knownRegions = (
				English,
				Japanese,
				French,
				German,
			);
			mainGroup = 29B97314FDCFA39411CA2CEA /* Choreo3D */;
			projectDirPath = "";
			projectRoot = "";
			targets = (
				8D1107260486CEB800E47090 /* Choreo3D */,
			);
		};
/* End PBXProject section */

/* Begin PBXResourcesBuildPhase section */
		8D1107290486CEB800E47090 /* Resources */ = {
			isa = PBXResourcesBuildPhase;
			buildActionMask = 2147483647;
			files = (
				5835C3216B33401E8875EA04 /* CinderApp.icns in Resources */,
				448C8BAD1C3ED573009AD29C /* assets in Resources */,
			);
			runOnlyForDeploymentPostprocessing = 0;
		};
/* End PBXResourcesBuildPhase section */

/* Begin PBXSourcesBuildPhase section */
		8D11072C0486CEB800E47090 /* Sources */ = {
			isa = PBXSourcesBuildPhase;
			buildActionMask = 2147483647;
			files = (
				448B46EA1C3EF0FD00272354 /* CinderImGui.cpp in Sources */,
				448B46E61C3EF0E200272354 /* imgui_demo.cpp in Sources */,
				448B46E71C3EF0E200272354 /* imgui_draw.cpp in Sources */,
				448B46E81C3EF0E200272354 /* imgui.cpp in Sources */,
				448C8BB71C3ED8D2009AD29C /* CCL_MocapJoint.cpp in Sources */,
				448C8BC91C3ED962009AD29C /* Trail.cpp in Sources */,
				448C8BC71C3ED962009AD29C /* Bone.cpp in Sources */,
				448C8BB01C3ED6EF009AD29C /* Skeleton.cpp in Sources */,
				448C8BBF1C3ED90E009AD29C /* Jzon.cpp in Sources */,
				448C8BB81C3ED8D2009AD29C /* Joint.cpp in Sources */,
				448C8BC81C3ED962009AD29C /* RibbonFunctions.cpp in Sources */,
				DA352A68C6514146867B38FD /* Choreo3DApp.cpp in Sources */,
				448C8BB61C3ED8D2009AD29C /* CCL_MocapData.cpp in Sources */,
			);
			runOnlyForDeploymentPostprocessing = 0;
		};
/* End PBXSourcesBuildPhase section */

/* Begin XCBuildConfiguration section */
		C01FCF4B08A954540054247B /* Debug */ = {
			isa = XCBuildConfiguration;
			buildSettings = {
				COMBINE_HIDPI_IMAGES = YES;
				COPY_PHASE_STRIP = NO;
				DEAD_CODE_STRIPPING = YES;
				GCC_DYNAMIC_NO_PIC = NO;
				GCC_INLINES_ARE_PRIVATE_EXTERN = YES;
				GCC_OPTIMIZATION_LEVEL = 0;
				GCC_PRECOMPILE_PREFIX_HEADER = YES;
				GCC_PREFIX_HEADER = Choreo3D_Prefix.pch;
				GCC_PREPROCESSOR_DEFINITIONS = (
					"DEBUG=1",
					"$(inherited)",
				);
				GCC_SYMBOLS_PRIVATE_EXTERN = NO;
				INFOPLIST_FILE = Info.plist;
				INSTALL_PATH = "$(HOME)/Applications";
				OTHER_LDFLAGS = "\"$(CINDER_PATH)/lib/libcinder_d.a\"";
				PRODUCT_BUNDLE_IDENTIFIER = "org.libcinder.${PRODUCT_NAME:rfc1034identifier}";
				PRODUCT_NAME = Choreo3D;
				SYMROOT = ./build;
				WRAPPER_EXTENSION = app;
			};
			name = Debug;
		};
		C01FCF4C08A954540054247B /* Release */ = {
			isa = XCBuildConfiguration;
			buildSettings = {
				COMBINE_HIDPI_IMAGES = YES;
				DEAD_CODE_STRIPPING = YES;
				DEBUG_INFORMATION_FORMAT = "dwarf-with-dsym";
				GCC_FAST_MATH = YES;
				GCC_GENERATE_DEBUGGING_SYMBOLS = NO;
				GCC_INLINES_ARE_PRIVATE_EXTERN = YES;
				GCC_OPTIMIZATION_LEVEL = 3;
				GCC_PRECOMPILE_PREFIX_HEADER = YES;
				GCC_PREFIX_HEADER = Choreo3D_Prefix.pch;
				GCC_PREPROCESSOR_DEFINITIONS = (
					"NDEBUG=1",
					"$(inherited)",
				);
				GCC_SYMBOLS_PRIVATE_EXTERN = NO;
				INFOPLIST_FILE = Info.plist;
				INSTALL_PATH = "$(HOME)/Applications";
				OTHER_LDFLAGS = "\"$(CINDER_PATH)/lib/libcinder.a\"";
				PRODUCT_BUNDLE_IDENTIFIER = "org.libcinder.${PRODUCT_NAME:rfc1034identifier}";
				PRODUCT_NAME = Choreo3D;
				STRIP_INSTALLED_PRODUCT = YES;
				SYMROOT = ./build;
				WRAPPER_EXTENSION = app;
			};
			name = Release;
		};
		C01FCF4F08A954540054247B /* Debug */ = {
			isa = XCBuildConfiguration;
			buildSettings = {
				ALWAYS_SEARCH_USER_PATHS = NO;
				CINDER_PATH = ../../..;
				CLANG_CXX_LANGUAGE_STANDARD = "c++11";
				CLANG_CXX_LIBRARY = "libc++";
				ENABLE_TESTABILITY = YES;
				GCC_WARN_ABOUT_RETURN_TYPE = YES;
				GCC_WARN_UNUSED_VARIABLE = YES;
				HEADER_SEARCH_PATHS = "\"$(CINDER_PATH)/include\"";
				MACOSX_DEPLOYMENT_TARGET = 10.8;
				ONLY_ACTIVE_ARCH = YES;
				SDKROOT = macosx;
				USER_HEADER_SEARCH_PATHS = "\"$(CINDER_PATH)/include\" ../include";
			};
			name = Debug;
		};
		C01FCF5008A954540054247B /* Release */ = {
			isa = XCBuildConfiguration;
			buildSettings = {
				ALWAYS_SEARCH_USER_PATHS = NO;
				CINDER_PATH = ../../..;
				CLANG_CXX_LANGUAGE_STANDARD = "c++11";
				CLANG_CXX_LIBRARY = "libc++";
				GCC_WARN_ABOUT_RETURN_TYPE = YES;
				GCC_WARN_UNUSED_VARIABLE = YES;
				HEADER_SEARCH_PATHS = "\"$(CINDER_PATH)/include\"";
				MACOSX_DEPLOYMENT_TARGET = 10.8;
				SDKROOT = macosx;
				USER_HEADER_SEARCH_PATHS = "\"$(CINDER_PATH)/include\" ../include";
			};
			name = Release;
		};
/* End XCBuildConfiguration section */

/* Begin XCConfigurationList section */
		C01FCF4A08A954540054247B /* Build configuration list for PBXNativeTarget "Choreo3D" */ = {
			isa = XCConfigurationList;
			buildConfigurations = (
				C01FCF4B08A954540054247B /* Debug */,
				C01FCF4C08A954540054247B /* Release */,
			);
			defaultConfigurationIsVisible = 0;
			defaultConfigurationName = Release;
		};
		C01FCF4E08A954540054247B /* Build configuration list for PBXProject "Choreo3D" */ = {
			isa = XCConfigurationList;
			buildConfigurations = (
				C01FCF4F08A954540054247B /* Debug */,
				C01FCF5008A954540054247B /* Release */,
			);
			defaultConfigurationIsVisible = 0;
			defaultConfigurationName = Release;
		};
/* End XCConfigurationList section */
	};
	rootObject = 29B97313FDCFA39411CA2CEA /* Project object */;
}
